
Microsoft Visual Studio Solution File, Format Version 12.00
# Visual Studio Version 17
VisualStudioVersion = 17.5.33530.505
MinimumVisualStudioVersion = 10.0.40219.1
Project("{FAE04EC0-301F-11D3-BF4B-00C04F79EFBC}") = "BlazorAuth", "BlazorAuth.csproj", "{92FF47ED-A25C-4C3A-B77C-AA80546550CF}"
EndProject
Project("{FAE04EC0-301F-11D3-BF4B-00C04F79EFBC}") = "BlazorServerApp", "..\BlazorServerApp\BlazorServerApp.csproj", "{9F294216-5B48-4CC6-9FD4-D26A269B881E}"
EndProject
Global
	GlobalSection(SolutionConfigurationPlatforms) = preSolution
		Debug|Any CPU = Debug|Any CPU
		Release|Any CPU = Release|Any CPU
	EndGlobalSection
	GlobalSection(ProjectConfigurationPlatforms) = postSolution
		{92FF47ED-A25C-4C3A-B77C-AA80546550CF}.Debug|Any CPU.ActiveCfg = Debug|Any CPU
		{92FF47ED-A25C-4C3A-B77C-AA80546550CF}.Debug|Any CPU.Build.0 = Debug|Any CPU
		{92FF47ED-A25C-4C3A-B77C-AA80546550CF}.Release|Any CPU.ActiveCfg = Release|Any CPU
		{92FF47ED-A25C-4C3A-B77C-AA80546550CF}.Release|Any CPU.Build.0 = Release|Any CPU
		{9F294216-5B48-4CC6-9FD4-D26A269B881E}.Debug|Any CPU.ActiveCfg = Debug|Any CPU
		{9F294216-5B48-4CC6-9FD4-D26A269B881E}.Debug|Any CPU.Build.0 = Debug|Any CPU
		{9F294216-5B48-4CC6-9FD4-D26A269B881E}.Release|Any CPU.ActiveCfg = Release|Any CPU
		{9F294216-5B48-4CC6-9FD4-D26A269B881E}.Release|Any CPU.Build.0 = Release|Any CPU
	EndGlobalSection
	GlobalSection(SolutionProperties) = preSolution
		HideSolutionNode = FALSE
	EndGlobalSection
	GlobalSection(ExtensibilityGlobals) = postSolution
		SolutionGuid = {670440D6-8A0C-4E89-880A-6080A9A5C356}
	EndGlobalSection
EndGlobal
